
Microsoft Visual Studio Solution File, Format Version 12.00
# Visual Studio Version 17
VisualStudioVersion = 17.8.34330.188
MinimumVisualStudioVersion = 10.0.40219.1
Project("{FAE04EC0-301F-11D3-BF4B-00C04F79EFBC}") = "Examination System", "Examination System\Examination System.csproj", "{7A34CC8A-3A5E-4223-85FE-4EF9E408564A}"
EndProject
Global
	GlobalSection(SolutionConfigurationPlatforms) = preSolution
		Debug|Any CPU = Debug|Any CPU
		Release|Any CPU = Release|Any CPU
	EndGlobalSection
	GlobalSection(ProjectConfigurationPlatforms) = postSolution
		{7A34CC8A-3A5E-4223-85FE-4EF9E408564A}.Debug|Any CPU.ActiveCfg = Debug|Any CPU
		{7A34CC8A-3A5E-4223-85FE-4EF9E408564A}.Debug|Any CPU.Build.0 = Debug|Any CPU
		{7A34CC8A-3A5E-4223-85FE-4EF9E408564A}.Release|Any CPU.ActiveCfg = Release|Any CPU
		{7A34CC8A-3A5E-4223-85FE-4EF9E408564A}.Release|Any CPU.Build.0 = Release|Any CPU
	EndGlobalSection
	GlobalSection(SolutionProperties) = preSolution
		HideSolutionNode = FALSE
	EndGlobalSection
	GlobalSection(ExtensibilityGlobals) = postSolution
		SolutionGuid = {8468089A-5200-4DA7-9BA4-4742F2EB96C5}
	EndGlobalSection
EndGlobal
